
Microsoft Visual Studio Solution File, Format Version 12.00
# Visual Studio Version 17
VisualStudioVersion = 17.3.32811.315
MinimumVisualStudioVersion = 10.0.40219.1
Project("{FAE04EC0-301F-11D3-BF4B-00C04F79EFBC}") = "HM_DB_05122022", "HM_DB_05122022\HM_DB_05122022.csproj", "{9805D961-180F-4A74-9CE2-51DCC08F6A76}"
EndProject
Project("{FAE04EC0-301F-11D3-BF4B-00C04F79EFBC}") = "HM_DB_05122022_2", "HM_DB05122022_2\HM_DB_05122022_2.csproj", "{C75A79CE-06DC-4DEA-82CA-F240B0F1E8DD}"
EndProject
Project("{FAE04EC0-301F-11D3-BF4B-00C04F79EFBC}") = "HM_DB_05122022_3", "HM_DB_05122022_3\HM_DB_05122022_3.csproj", "{FF5AB054-C713-4774-B7CD-455BD98AD2A3}"
EndProject
Global
	GlobalSection(SolutionConfigurationPlatforms) = preSolution
		Debug|Any CPU = Debug|Any CPU
		Release|Any CPU = Release|Any CPU
	EndGlobalSection
	GlobalSection(ProjectConfigurationPlatforms) = postSolution
		{9805D961-180F-4A74-9CE2-51DCC08F6A76}.Debug|Any CPU.ActiveCfg = Debug|Any CPU
		{9805D961-180F-4A74-9CE2-51DCC08F6A76}.Debug|Any CPU.Build.0 = Debug|Any CPU
		{9805D961-180F-4A74-9CE2-51DCC08F6A76}.Release|Any CPU.ActiveCfg = Release|Any CPU
		{9805D961-180F-4A74-9CE2-51DCC08F6A76}.Release|Any CPU.Build.0 = Release|Any CPU
		{C75A79CE-06DC-4DEA-82CA-F240B0F1E8DD}.Debug|Any CPU.ActiveCfg = Debug|Any CPU
		{C75A79CE-06DC-4DEA-82CA-F240B0F1E8DD}.Debug|Any CPU.Build.0 = Debug|Any CPU
		{C75A79CE-06DC-4DEA-82CA-F240B0F1E8DD}.Release|Any CPU.ActiveCfg = Release|Any CPU
		{C75A79CE-06DC-4DEA-82CA-F240B0F1E8DD}.Release|Any CPU.Build.0 = Release|Any CPU
		{FF5AB054-C713-4774-B7CD-455BD98AD2A3}.Debug|Any CPU.ActiveCfg = Debug|Any CPU
		{FF5AB054-C713-4774-B7CD-455BD98AD2A3}.Debug|Any CPU.Build.0 = Debug|Any CPU
		{FF5AB054-C713-4774-B7CD-455BD98AD2A3}.Release|Any CPU.ActiveCfg = Release|Any CPU
		{FF5AB054-C713-4774-B7CD-455BD98AD2A3}.Release|Any CPU.Build.0 = Release|Any CPU
	EndGlobalSection
	GlobalSection(SolutionProperties) = preSolution
		HideSolutionNode = FALSE
	EndGlobalSection
	GlobalSection(ExtensibilityGlobals) = postSolution
		SolutionGuid = {F75F51BD-253E-443E-9128-C03406E81394}
	EndGlobalSection
EndGlobal
